# Code generated by scarb DO NOT EDIT.
version = 1

[[package]]
name = "access_control"
version = "0.4.0"
source = "registry+https://scarbs.xyz/"
checksum = "sha256:6049cdb13bc3a2b45e714558da6f49745b61e70e29b81f932b2e532bf72a102d"

[[package]]
name = "ekubo"
version = "0.1.0"
source = "git+https://github.com/EkuboProtocol/abis#7a24eedf68318a46c726d257ad94692d0c7f4191"

[[package]]
name = "opus"
version = "1.2.0"
source = "registry+https://scarbs.xyz/"
checksum = "sha256:a3ce3b58ddfd01d1755e3091e25ba39a0db7c23e45f3402bb131df4e3e36fcc1"
dependencies = [
 "wadray",
]

[[package]]
name = "opus_compose"
version = "0.1.0"
dependencies = [
 "access_control",
 "ekubo",
 "opus",
 "snforge_std",
 "wadray",
]

[[package]]
name = "snforge_scarb_plugin"
version = "0.41.0"
source = "registry+https://scarbs.xyz/"
checksum = "sha256:7228a3ea74d8decfb2294cee9251b537bbd58b3e243e9327f55e72a99ab5fb53"

[[package]]
name = "snforge_std"
version = "0.41.0"
source = "registry+https://scarbs.xyz/"
checksum = "sha256:edf116cbf62cbe2487f188cf28ceb9f42b08cfa14e197524281c3ce932f4a5e6"
dependencies = [
 "snforge_scarb_plugin",
]

[[package]]
name = "wadray"
version = "0.6.1"
source = "registry+https://scarbs.xyz/"
checksum = "sha256:09bd9792f7f91b3fdfabca48e77cc141c53ccdbbcb957c28ce222eac864a92d1"
